
Microsoft Visual Studio Solution File, Format Version 12.00
# Visual Studio Version 17
VisualStudioVersion = 17.4.33205.214
MinimumVisualStudioVersion = 10.0.40219.1
Project("{9A19103F-16F7-4668-BE54-9A1E7A4F7556}") = "CSharp10.Linq.Select", "CSharp10.Linq.Select\CSharp10.Linq.Select.csproj", "{BA18B0FB-FC89-4D2C-8D3B-1B3CDDC0F3CF}"
EndProject
Project("{9A19103F-16F7-4668-BE54-9A1E7A4F7556}") = "CSharp10.Linq.Common", "CSharp10.Linq.Common\CSharp10.Linq.Common.csproj", "{4A37B5C2-C808-49F2-A0AE-2C027EBE5801}"
EndProject
Project("{9A19103F-16F7-4668-BE54-9A1E7A4F7556}") = "CSharp10.Linq.DataLayer", "LINQSamples.DataLayer\CSharp10.Linq.DataLayer.csproj", "{2CBFD34C-978F-4B11-8014-1EA1E53E6186}"
EndProject
Project("{9A19103F-16F7-4668-BE54-9A1E7A4F7556}") = "CSharp10.Linq.OrderBy", "CSharp10.Linq.OrderBy\CSharp10.Linq.OrderBy.csproj", "{B187AB03-8736-4759-82CA-8EE21A15E1FF}"
EndProject
Project("{9A19103F-16F7-4668-BE54-9A1E7A4F7556}") = "CSharp10.Linq.Where", "CSharp10.Linq.Where\CSharp10.Linq.Where.csproj", "{250CCD96-D684-45FB-B91D-58A57E7F7A91}"
EndProject
Project("{9A19103F-16F7-4668-BE54-9A1E7A4F7556}") = "CSharp10.Linq.Single", "CSharp10.Linq.Single\CSharp10.Linq.Single.csproj", "{33A7B222-3EB8-41BB-A513-D482DDBC164A}"
EndProject
Project("{2150E333-8FDC-42A3-9474-1A3956D46DE8}") = "Examples", "Examples", "{6C55F9F7-AAA2-4983-B72F-0020DE23D556}"
EndProject
Project("{2150E333-8FDC-42A3-9474-1A3956D46DE8}") = "Common", "Common", "{47575012-6B57-4C5C-A4CD-6DF3FFFF91C1}"
EndProject
Project("{9A19103F-16F7-4668-BE54-9A1E7A4F7556}") = "CSharp10.Linq.TakeSkipDistinctChunk", "CSharp10.Linq.TakeSkipDistinctChunk\CSharp10.Linq.TakeSkipDistinctChunk.csproj", "{73729782-1AED-4306-9101-26E5CBFC9DF8}"
EndProject
Project("{9A19103F-16F7-4668-BE54-9A1E7A4F7556}") = "CSharp10.Linq.Contained", "CSharp10.Linq.Contained\CSharp10.Linq.Contained.csproj", "{285DAFB4-BDB5-460B-96F8-9FB86C173D11}"
EndProject
Project("{9A19103F-16F7-4668-BE54-9A1E7A4F7556}") = "CSharp10.Linq.DifferenceTwoCollections", "CSharp10.Linq.DifferenceTwoCollections\CSharp10.Linq.DifferenceTwoCollections.csproj", "{207B7185-C558-4DF7-93D2-C20DC83B898F}"
EndProject
Project("{9A19103F-16F7-4668-BE54-9A1E7A4F7556}") = "CSharp10.Linq.UnionConcat", "CSharp10.Linq.UnionConcat\CSharp10.Linq.UnionConcat.csproj", "{B41A27AA-828B-4E34-A53E-1B39D5A82276}"
EndProject
Project("{FAE04EC0-301F-11D3-BF4B-00C04F79EFBC}") = "CSharp10.Linq.InnerJoin", "CSharp10.Linq.InnerJoin\CSharp10.Linq.InnerJoin.csproj", "{A1227EAE-D918-4413-AC13-43A5CD8CBF95}"
EndProject
Project("{FAE04EC0-301F-11D3-BF4B-00C04F79EFBC}") = "CSharp10.Linq.GoupedSubQuery", "CSharp10.Linq.GoupedSubQuery\CSharp10.Linq.GoupedSubQuery.csproj", "{82385115-8EA6-491A-9E05-894F5C69F7BD}"
EndProject
Project("{FAE04EC0-301F-11D3-BF4B-00C04F79EFBC}") = "CSharp10.Linq.Aggregate", "CSharp10.Linq.Aggregate\CSharp10.Linq.Aggregate.csproj", "{37E79C2F-5A35-401C-BA83-DB95DE8BE955}"
EndProject
Project("{FAE04EC0-301F-11D3-BF4B-00C04F79EFBC}") = "CSharp10.Linq.IterateOnCollections", "CSharp10.Linq.IterateOnCollections\CSharp10.Linq.IterateOnCollections.csproj", "{D62BE667-24A9-4F2B-8953-4CCE6CB2F397}"
EndProject
Project("{FAE04EC0-301F-11D3-BF4B-00C04F79EFBC}") = "CSharp10.Linq.StreamingNonAndDeferred", "CSharp10.Linq.StreamingNonAndDeferred\CSharp10.Linq.StreamingNonAndDeferred.csproj", "{16FA1F3A-F6F2-4DD7-999B-CA5F40BAF8C7}"
EndProject
Global
	GlobalSection(SolutionConfigurationPlatforms) = preSolution
		Debug|Any CPU = Debug|Any CPU
		Release|Any CPU = Release|Any CPU
	EndGlobalSection
	GlobalSection(ProjectConfigurationPlatforms) = postSolution
		{BA18B0FB-FC89-4D2C-8D3B-1B3CDDC0F3CF}.Debug|Any CPU.ActiveCfg = Debug|Any CPU
		{BA18B0FB-FC89-4D2C-8D3B-1B3CDDC0F3CF}.Debug|Any CPU.Build.0 = Debug|Any CPU
		{BA18B0FB-FC89-4D2C-8D3B-1B3CDDC0F3CF}.Release|Any CPU.ActiveCfg = Release|Any CPU
		{BA18B0FB-FC89-4D2C-8D3B-1B3CDDC0F3CF}.Release|Any CPU.Build.0 = Release|Any CPU
		{4A37B5C2-C808-49F2-A0AE-2C027EBE5801}.Debug|Any CPU.ActiveCfg = Debug|Any CPU
		{4A37B5C2-C808-49F2-A0AE-2C027EBE5801}.Debug|Any CPU.Build.0 = Debug|Any CPU
		{4A37B5C2-C808-49F2-A0AE-2C027EBE5801}.Release|Any CPU.ActiveCfg = Release|Any CPU
		{4A37B5C2-C808-49F2-A0AE-2C027EBE5801}.Release|Any CPU.Build.0 = Release|Any CPU
		{2CBFD34C-978F-4B11-8014-1EA1E53E6186}.Debug|Any CPU.ActiveCfg = Debug|Any CPU
		{2CBFD34C-978F-4B11-8014-1EA1E53E6186}.Debug|Any CPU.Build.0 = Debug|Any CPU
		{2CBFD34C-978F-4B11-8014-1EA1E53E6186}.Release|Any CPU.ActiveCfg = Release|Any CPU
		{2CBFD34C-978F-4B11-8014-1EA1E53E6186}.Release|Any CPU.Build.0 = Release|Any CPU
		{B187AB03-8736-4759-82CA-8EE21A15E1FF}.Debug|Any CPU.ActiveCfg = Debug|Any CPU
		{B187AB03-8736-4759-82CA-8EE21A15E1FF}.Debug|Any CPU.Build.0 = Debug|Any CPU
		{B187AB03-8736-4759-82CA-8EE21A15E1FF}.Release|Any CPU.ActiveCfg = Release|Any CPU
		{B187AB03-8736-4759-82CA-8EE21A15E1FF}.Release|Any CPU.Build.0 = Release|Any CPU
		{250CCD96-D684-45FB-B91D-58A57E7F7A91}.Debug|Any CPU.ActiveCfg = Debug|Any CPU
		{250CCD96-D684-45FB-B91D-58A57E7F7A91}.Debug|Any CPU.Build.0 = Debug|Any CPU
		{250CCD96-D684-45FB-B91D-58A57E7F7A91}.Release|Any CPU.ActiveCfg = Release|Any CPU
		{250CCD96-D684-45FB-B91D-58A57E7F7A91}.Release|Any CPU.Build.0 = Release|Any CPU
		{33A7B222-3EB8-41BB-A513-D482DDBC164A}.Debug|Any CPU.ActiveCfg = Debug|Any CPU
		{33A7B222-3EB8-41BB-A513-D482DDBC164A}.Debug|Any CPU.Build.0 = Debug|Any CPU
		{33A7B222-3EB8-41BB-A513-D482DDBC164A}.Release|Any CPU.ActiveCfg = Release|Any CPU
		{33A7B222-3EB8-41BB-A513-D482DDBC164A}.Release|Any CPU.Build.0 = Release|Any CPU
		{73729782-1AED-4306-9101-26E5CBFC9DF8}.Debug|Any CPU.ActiveCfg = Debug|Any CPU
		{73729782-1AED-4306-9101-26E5CBFC9DF8}.Debug|Any CPU.Build.0 = Debug|Any CPU
		{73729782-1AED-4306-9101-26E5CBFC9DF8}.Release|Any CPU.ActiveCfg = Release|Any CPU
		{73729782-1AED-4306-9101-26E5CBFC9DF8}.Release|Any CPU.Build.0 = Release|Any CPU
		{285DAFB4-BDB5-460B-96F8-9FB86C173D11}.Debug|Any CPU.ActiveCfg = Debug|Any CPU
		{285DAFB4-BDB5-460B-96F8-9FB86C173D11}.Debug|Any CPU.Build.0 = Debug|Any CPU
		{285DAFB4-BDB5-460B-96F8-9FB86C173D11}.Release|Any CPU.ActiveCfg = Release|Any CPU
		{285DAFB4-BDB5-460B-96F8-9FB86C173D11}.Release|Any CPU.Build.0 = Release|Any CPU
		{207B7185-C558-4DF7-93D2-C20DC83B898F}.Debug|Any CPU.ActiveCfg = Debug|Any CPU
		{207B7185-C558-4DF7-93D2-C20DC83B898F}.Debug|Any CPU.Build.0 = Debug|Any CPU
		{207B7185-C558-4DF7-93D2-C20DC83B898F}.Release|Any CPU.ActiveCfg = Release|Any CPU
		{207B7185-C558-4DF7-93D2-C20DC83B898F}.Release|Any CPU.Build.0 = Release|Any CPU
		{B41A27AA-828B-4E34-A53E-1B39D5A82276}.Debug|Any CPU.ActiveCfg = Debug|Any CPU
		{B41A27AA-828B-4E34-A53E-1B39D5A82276}.Debug|Any CPU.Build.0 = Debug|Any CPU
		{B41A27AA-828B-4E34-A53E-1B39D5A82276}.Release|Any CPU.ActiveCfg = Release|Any CPU
		{B41A27AA-828B-4E34-A53E-1B39D5A82276}.Release|Any CPU.Build.0 = Release|Any CPU
		{A1227EAE-D918-4413-AC13-43A5CD8CBF95}.Debug|Any CPU.ActiveCfg = Debug|Any CPU
		{A1227EAE-D918-4413-AC13-43A5CD8CBF95}.Debug|Any CPU.Build.0 = Debug|Any CPU
		{A1227EAE-D918-4413-AC13-43A5CD8CBF95}.Release|Any CPU.ActiveCfg = Release|Any CPU
		{A1227EAE-D918-4413-AC13-43A5CD8CBF95}.Release|Any CPU.Build.0 = Release|Any CPU
		{82385115-8EA6-491A-9E05-894F5C69F7BD}.Debug|Any CPU.ActiveCfg = Debug|Any CPU
		{82385115-8EA6-491A-9E05-894F5C69F7BD}.Debug|Any CPU.Build.0 = Debug|Any CPU
		{82385115-8EA6-491A-9E05-894F5C69F7BD}.Release|Any CPU.ActiveCfg = Release|Any CPU
		{82385115-8EA6-491A-9E05-894F5C69F7BD}.Release|Any CPU.Build.0 = Release|Any CPU
		{37E79C2F-5A35-401C-BA83-DB95DE8BE955}.Debug|Any CPU.ActiveCfg = Debug|Any CPU
		{37E79C2F-5A35-401C-BA83-DB95DE8BE955}.Debug|Any CPU.Build.0 = Debug|Any CPU
		{37E79C2F-5A35-401C-BA83-DB95DE8BE955}.Release|Any CPU.ActiveCfg = Release|Any CPU
		{37E79C2F-5A35-401C-BA83-DB95DE8BE955}.Release|Any CPU.Build.0 = Release|Any CPU
		{D62BE667-24A9-4F2B-8953-4CCE6CB2F397}.Debug|Any CPU.ActiveCfg = Debug|Any CPU
		{D62BE667-24A9-4F2B-8953-4CCE6CB2F397}.Debug|Any CPU.Build.0 = Debug|Any CPU
		{D62BE667-24A9-4F2B-8953-4CCE6CB2F397}.Release|Any CPU.ActiveCfg = Release|Any CPU
		{D62BE667-24A9-4F2B-8953-4CCE6CB2F397}.Release|Any CPU.Build.0 = Release|Any CPU
		{16FA1F3A-F6F2-4DD7-999B-CA5F40BAF8C7}.Debug|Any CPU.ActiveCfg = Debug|Any CPU
		{16FA1F3A-F6F2-4DD7-999B-CA5F40BAF8C7}.Debug|Any CPU.Build.0 = Debug|Any CPU
		{16FA1F3A-F6F2-4DD7-999B-CA5F40BAF8C7}.Release|Any CPU.ActiveCfg = Release|Any CPU
		{16FA1F3A-F6F2-4DD7-999B-CA5F40BAF8C7}.Release|Any CPU.Build.0 = Release|Any CPU
	EndGlobalSection
	GlobalSection(SolutionProperties) = preSolution
		HideSolutionNode = FALSE
	EndGlobalSection
	GlobalSection(NestedProjects) = preSolution
		{BA18B0FB-FC89-4D2C-8D3B-1B3CDDC0F3CF} = {6C55F9F7-AAA2-4983-B72F-0020DE23D556}
		{4A37B5C2-C808-49F2-A0AE-2C027EBE5801} = {47575012-6B57-4C5C-A4CD-6DF3FFFF91C1}
		{2CBFD34C-978F-4B11-8014-1EA1E53E6186} = {47575012-6B57-4C5C-A4CD-6DF3FFFF91C1}
		{B187AB03-8736-4759-82CA-8EE21A15E1FF} = {6C55F9F7-AAA2-4983-B72F-0020DE23D556}
		{250CCD96-D684-45FB-B91D-58A57E7F7A91} = {6C55F9F7-AAA2-4983-B72F-0020DE23D556}
		{33A7B222-3EB8-41BB-A513-D482DDBC164A} = {6C55F9F7-AAA2-4983-B72F-0020DE23D556}
		{73729782-1AED-4306-9101-26E5CBFC9DF8} = {6C55F9F7-AAA2-4983-B72F-0020DE23D556}
		{285DAFB4-BDB5-460B-96F8-9FB86C173D11} = {6C55F9F7-AAA2-4983-B72F-0020DE23D556}
		{207B7185-C558-4DF7-93D2-C20DC83B898F} = {6C55F9F7-AAA2-4983-B72F-0020DE23D556}
		{B41A27AA-828B-4E34-A53E-1B39D5A82276} = {6C55F9F7-AAA2-4983-B72F-0020DE23D556}
		{A1227EAE-D918-4413-AC13-43A5CD8CBF95} = {6C55F9F7-AAA2-4983-B72F-0020DE23D556}
		{82385115-8EA6-491A-9E05-894F5C69F7BD} = {6C55F9F7-AAA2-4983-B72F-0020DE23D556}
		{37E79C2F-5A35-401C-BA83-DB95DE8BE955} = {6C55F9F7-AAA2-4983-B72F-0020DE23D556}
		{D62BE667-24A9-4F2B-8953-4CCE6CB2F397} = {6C55F9F7-AAA2-4983-B72F-0020DE23D556}
		{16FA1F3A-F6F2-4DD7-999B-CA5F40BAF8C7} = {6C55F9F7-AAA2-4983-B72F-0020DE23D556}
	EndGlobalSection
	GlobalSection(ExtensibilityGlobals) = postSolution
		SolutionGuid = {A1740F49-5C40-4C5E-8F4C-8DB7DD2D8B4F}
	EndGlobalSection
EndGlobal
